
Microsoft Visual Studio Solution File, Format Version 12.00
# Visual Studio Version 17
VisualStudioVersion = 17.7.34024.191
MinimumVisualStudioVersion = 10.0.40219.1
Project("{FAE04EC0-301F-11D3-BF4B-00C04F79EFBC}") = "CES", "CES\CES.csproj", "{D15A5980-628B-4A16-B233-6B1FA2D16210}"
EndProject
Project("{FAE04EC0-301F-11D3-BF4B-00C04F79EFBC}") = "DAL", "DAL\DAL.csproj", "{1F458265-9FE4-4C7F-B1E6-E2E0A7ADF274}"
EndProject
Global
	GlobalSection(SolutionConfigurationPlatforms) = preSolution
		Debug|Any CPU = Debug|Any CPU
		Release|Any CPU = Release|Any CPU
	EndGlobalSection
	GlobalSection(ProjectConfigurationPlatforms) = postSolution
		{D15A5980-628B-4A16-B233-6B1FA2D16210}.Debug|Any CPU.ActiveCfg = Debug|Any CPU
		{D15A5980-628B-4A16-B233-6B1FA2D16210}.Debug|Any CPU.Build.0 = Debug|Any CPU
		{D15A5980-628B-4A16-B233-6B1FA2D16210}.Release|Any CPU.ActiveCfg = Release|Any CPU
		{D15A5980-628B-4A16-B233-6B1FA2D16210}.Release|Any CPU.Build.0 = Release|Any CPU
		{1F458265-9FE4-4C7F-B1E6-E2E0A7ADF274}.Debug|Any CPU.ActiveCfg = Debug|Any CPU
		{1F458265-9FE4-4C7F-B1E6-E2E0A7ADF274}.Debug|Any CPU.Build.0 = Debug|Any CPU
		{1F458265-9FE4-4C7F-B1E6-E2E0A7ADF274}.Release|Any CPU.ActiveCfg = Release|Any CPU
		{1F458265-9FE4-4C7F-B1E6-E2E0A7ADF274}.Release|Any CPU.Build.0 = Release|Any CPU
	EndGlobalSection
	GlobalSection(SolutionProperties) = preSolution
		HideSolutionNode = FALSE
	EndGlobalSection
	GlobalSection(ExtensibilityGlobals) = postSolution
		SolutionGuid = {30064651-9B98-4CCA-813D-6FF97F352B47}
	EndGlobalSection
EndGlobal
